
Microsoft Visual Studio Solution File, Format Version 12.00
# Visual Studio Version 17
VisualStudioVersion = 17.5.33516.290
MinimumVisualStudioVersion = 10.0.40219.1
Project("{FAE04EC0-301F-11D3-BF4B-00C04F79EFBC}") = "inheritance.9module", "inheritance.9module\inheritance.9module.csproj", "{7D6F63B3-F493-41AD-85D1-4A4D15A523AB}"
EndProject
Global
	GlobalSection(SolutionConfigurationPlatforms) = preSolution
		Debug|Any CPU = Debug|Any CPU
		Release|Any CPU = Release|Any CPU
	EndGlobalSection
	GlobalSection(ProjectConfigurationPlatforms) = postSolution
		{7D6F63B3-F493-41AD-85D1-4A4D15A523AB}.Debug|Any CPU.ActiveCfg = Debug|Any CPU
		{7D6F63B3-F493-41AD-85D1-4A4D15A523AB}.Debug|Any CPU.Build.0 = Debug|Any CPU
		{7D6F63B3-F493-41AD-85D1-4A4D15A523AB}.Release|Any CPU.ActiveCfg = Release|Any CPU
		{7D6F63B3-F493-41AD-85D1-4A4D15A523AB}.Release|Any CPU.Build.0 = Release|Any CPU
	EndGlobalSection
	GlobalSection(SolutionProperties) = preSolution
		HideSolutionNode = FALSE
	EndGlobalSection
	GlobalSection(ExtensibilityGlobals) = postSolution
		SolutionGuid = {6EE5124E-FE44-401F-BAB2-354151DFE055}
	EndGlobalSection
EndGlobal
